
Microsoft Visual Studio Solution File, Format Version 12.00
# Visual Studio Version 17
VisualStudioVersion = 17.3.32929.385
MinimumVisualStudioVersion = 10.0.40219.1
Project("{9A19103F-16F7-4668-BE54-9A1E7A4F7556}") = "BasicInventoryManagement", "BasicInventoryManagement\BasicInventoryManagement.csproj", "{2886D214-2580-4C3B-9EC6-30A2C306CC3A}"
EndProject
Project("{9A19103F-16F7-4668-BE54-9A1E7A4F7556}") = "BusinessLogicLibrary", "BusinessLogicLibrary\BusinessLogicLibrary.csproj", "{B3BA513C-48F5-44FD-A241-F626D17A25ED}"
EndProject
Project("{2150E333-8FDC-42A3-9474-1A3956D46DE8}") = "Plugins", "Plugins", "{0EE2FA8A-56C4-48E6-A107-B555E67E1812}"
EndProject
Project("{9A19103F-16F7-4668-BE54-9A1E7A4F7556}") = "InMemoryPlugin", "InMemoryPlugin\InMemoryPlugin.csproj", "{2153EC75-86CF-44AF-9F3B-4CF8C5DA963A}"
EndProject
Project("{FAE04EC0-301F-11D3-BF4B-00C04F79EFBC}") = "EFCoreSqlServer", "EFCoreSqlServer\EFCoreSqlServer.csproj", "{6385DEC7-03D6-4441-9E22-6BCF2A427D56}"
EndProject
Global
	GlobalSection(SolutionConfigurationPlatforms) = preSolution
		Debug|Any CPU = Debug|Any CPU
		Release|Any CPU = Release|Any CPU
	EndGlobalSection
	GlobalSection(ProjectConfigurationPlatforms) = postSolution
		{2886D214-2580-4C3B-9EC6-30A2C306CC3A}.Debug|Any CPU.ActiveCfg = Debug|Any CPU
		{2886D214-2580-4C3B-9EC6-30A2C306CC3A}.Debug|Any CPU.Build.0 = Debug|Any CPU
		{2886D214-2580-4C3B-9EC6-30A2C306CC3A}.Release|Any CPU.ActiveCfg = Release|Any CPU
		{2886D214-2580-4C3B-9EC6-30A2C306CC3A}.Release|Any CPU.Build.0 = Release|Any CPU
		{B3BA513C-48F5-44FD-A241-F626D17A25ED}.Debug|Any CPU.ActiveCfg = Debug|Any CPU
		{B3BA513C-48F5-44FD-A241-F626D17A25ED}.Debug|Any CPU.Build.0 = Debug|Any CPU
		{B3BA513C-48F5-44FD-A241-F626D17A25ED}.Release|Any CPU.ActiveCfg = Release|Any CPU
		{B3BA513C-48F5-44FD-A241-F626D17A25ED}.Release|Any CPU.Build.0 = Release|Any CPU
		{2153EC75-86CF-44AF-9F3B-4CF8C5DA963A}.Debug|Any CPU.ActiveCfg = Debug|Any CPU
		{2153EC75-86CF-44AF-9F3B-4CF8C5DA963A}.Debug|Any CPU.Build.0 = Debug|Any CPU
		{2153EC75-86CF-44AF-9F3B-4CF8C5DA963A}.Release|Any CPU.ActiveCfg = Release|Any CPU
		{2153EC75-86CF-44AF-9F3B-4CF8C5DA963A}.Release|Any CPU.Build.0 = Release|Any CPU
		{6385DEC7-03D6-4441-9E22-6BCF2A427D56}.Debug|Any CPU.ActiveCfg = Debug|Any CPU
		{6385DEC7-03D6-4441-9E22-6BCF2A427D56}.Debug|Any CPU.Build.0 = Debug|Any CPU
		{6385DEC7-03D6-4441-9E22-6BCF2A427D56}.Release|Any CPU.ActiveCfg = Release|Any CPU
		{6385DEC7-03D6-4441-9E22-6BCF2A427D56}.Release|Any CPU.Build.0 = Release|Any CPU
	EndGlobalSection
	GlobalSection(SolutionProperties) = preSolution
		HideSolutionNode = FALSE
	EndGlobalSection
	GlobalSection(NestedProjects) = preSolution
		{2153EC75-86CF-44AF-9F3B-4CF8C5DA963A} = {0EE2FA8A-56C4-48E6-A107-B555E67E1812}
		{6385DEC7-03D6-4441-9E22-6BCF2A427D56} = {0EE2FA8A-56C4-48E6-A107-B555E67E1812}
	EndGlobalSection
	GlobalSection(ExtensibilityGlobals) = postSolution
		SolutionGuid = {AF0613BD-63DC-4306-94CB-54D9FE5A215C}
	EndGlobalSection
EndGlobal
